
Microsoft Visual Studio Solution File, Format Version 12.00
# Visual Studio Version 17
VisualStudioVersion = 17.5.002.0
MinimumVisualStudioVersion = 10.0.40219.1
Project("{9A19103F-16F7-4668-BE54-9A1E7A4F7556}") = "digtwifunction", "digtwifunction.csproj", "{6BBE52A5-F692-4DA6-A280-2BBFDAE88CA0}"
EndProject
Global
	GlobalSection(SolutionConfigurationPlatforms) = preSolution
		Debug|Any CPU = Debug|Any CPU
		Release|Any CPU = Release|Any CPU
	EndGlobalSection
	GlobalSection(ProjectConfigurationPlatforms) = postSolution
		{6BBE52A5-F692-4DA6-A280-2BBFDAE88CA0}.Debug|Any CPU.ActiveCfg = Debug|Any CPU
		{6BBE52A5-F692-4DA6-A280-2BBFDAE88CA0}.Debug|Any CPU.Build.0 = Debug|Any CPU
		{6BBE52A5-F692-4DA6-A280-2BBFDAE88CA0}.Release|Any CPU.ActiveCfg = Release|Any CPU
		{6BBE52A5-F692-4DA6-A280-2BBFDAE88CA0}.Release|Any CPU.Build.0 = Release|Any CPU
	EndGlobalSection
	GlobalSection(SolutionProperties) = preSolution
		HideSolutionNode = FALSE
	EndGlobalSection
	GlobalSection(ExtensibilityGlobals) = postSolution
		SolutionGuid = {0D94A038-0425-4E1D-8D7B-DBA0168F3601}
	EndGlobalSection
EndGlobal
